
Microsoft Visual Studio Solution File, Format Version 12.00
# Visual Studio 2013
VisualStudioVersion = 12.0.31101.0
MinimumVisualStudioVersion = 10.0.40219.1
Project("{2150E333-8FDC-42A3-9474-1A3956D46DE8}") = "Exercises", "Exercises", "{5B9B6801-0B50-49B3-81DD-CE82783E1462}"
EndProject
Project("{FAE04EC0-301F-11D3-BF4B-00C04F79EFBC}") = "Average", "Average\Average.csproj", "{6FE2ACC4-40EB-449F-886C-E64FCE39D9A2}"
EndProject
Project("{2150E333-8FDC-42A3-9474-1A3956D46DE8}") = "01 [Arithmetic Operators]", "01 [Arithmetic Operators]", "{FA32FFA1-A366-4BEF-A2CE-969C36052748}"
EndProject
Project("{FAE04EC0-301F-11D3-BF4B-00C04F79EFBC}") = "Trapezoid", "Trapezoid\Trapezoid.csproj", "{1B3EB6BC-935E-44CA-B000-22A45FBB52AE}"
EndProject
Project("{FAE04EC0-301F-11D3-BF4B-00C04F79EFBC}") = "LastDigit", "LastDigit\LastDigit.csproj", "{1D6C8917-5373-4077-8393-5DFE8BF38446}"
EndProject
Project("{FAE04EC0-301F-11D3-BF4B-00C04F79EFBC}") = "NthDigit", "NthDigit\NthDigit.csproj", "{3D4DFC58-5D4F-4946-8350-37968C8B7D99}"
EndProject
Project("{2150E333-8FDC-42A3-9474-1A3956D46DE8}") = "02 [Logical Operators]", "02 [Logical Operators]", "{EB93F80E-559C-4BE9-8BF5-13F49E0C4D45}"
EndProject
Project("{FAE04EC0-301F-11D3-BF4B-00C04F79EFBC}") = "BigAndOdd", "BigAndOdd\BigAndOdd.csproj", "{FCFA00E6-9314-4937-A836-DE5C5D1B88D3}"
EndProject
Project("{FAE04EC0-301F-11D3-BF4B-00C04F79EFBC}") = "PureDivisor", "PureDivisor\PureDivisor.csproj", "{615185AC-91DF-44DA-AE24-76DD852792CE}"
EndProject
Project("{2150E333-8FDC-42A3-9474-1A3956D46DE8}") = "03 [Bitwise Operators]", "03 [Bitwise Operators]", "{D7AD7273-4BBA-488D-A0CA-69AD04365973}"
EndProject
Project("{FAE04EC0-301F-11D3-BF4B-00C04F79EFBC}") = "FirstBit", "FirstBit\FirstBit.csproj", "{B34B5FC4-0FD3-4759-9D03-3F61033E9483}"
EndProject
Project("{FAE04EC0-301F-11D3-BF4B-00C04F79EFBC}") = "PthBit", "PthBit\PthBit.csproj", "{E379FA91-41ED-40AF-9E15-38DC0F994BE3}"
EndProject
Project("{FAE04EC0-301F-11D3-BF4B-00C04F79EFBC}") = "BitDestroyer", "BitDestroyer\BitDestroyer.csproj", "{8A7C3B2B-EBD4-4935-B37D-FB3C43974E3B}"
EndProject
Project("{FAE04EC0-301F-11D3-BF4B-00C04F79EFBC}") = "TriBitSwitch", "TriBitSwitch\TriBitSwitch.csproj", "{599EEFCB-3277-4467-9532-60D8ED27D96B}"
EndProject
Project("{2150E333-8FDC-42A3-9474-1A3956D46DE8}") = "Homework", "Homework", "{FC20F72D-0550-4E0B-89E5-B743A5B3A16C}"
EndProject
Project("{2150E333-8FDC-42A3-9474-1A3956D46DE8}") = "01 [Odd or Even Integers]", "01 [Odd or Even Integers]", "{9AE01F4E-DF6F-41B6-A036-528DF4E8F57D}"
EndProject
Project("{FAE04EC0-301F-11D3-BF4B-00C04F79EFBC}") = "OddOrEvenIntegers", "OddOrEvenIntegers\OddOrEvenIntegers.csproj", "{B9C442C5-6AD0-41DE-B011-9FBA7163851D}"
EndProject
Project("{FAE04EC0-301F-11D3-BF4B-00C04F79EFBC}") = "GravitationOnTheMoon", "GravitationOnTheMoon\GravitationOnTheMoon.csproj", "{1B14893C-7C67-4B68-83FA-7FB9613B2A50}"
EndProject
Project("{2150E333-8FDC-42A3-9474-1A3956D46DE8}") = "02 [Gravitation on the Moon]", "02 [Gravitation on the Moon]", "{73E9E9D6-3C43-4D5F-BB26-7233D6F77F3B}"
EndProject
Project("{2150E333-8FDC-42A3-9474-1A3956D46DE8}") = "03 [Divide by 7 and 5]", "03 [Divide by 7 and 5]", "{282AC59A-F42B-493A-B26D-0AD30FC4FA2D}"
EndProject
Project("{FAE04EC0-301F-11D3-BF4B-00C04F79EFBC}") = "DivideBy7And5", "DivideBy7And5\DivideBy7And5.csproj", "{A35D96B4-F1E3-419A-8E7D-6B4FA84483BD}"
EndProject
Project("{2150E333-8FDC-42A3-9474-1A3956D46DE8}") = "04 [Rectangles]", "04 [Rectangles]", "{40891385-8E81-4136-834A-4D4457CA7B88}"
EndProject
Project("{FAE04EC0-301F-11D3-BF4B-00C04F79EFBC}") = "Rectangles", "Rectangles\Rectangles.csproj", "{9C2443E0-6A90-43FE-A0DB-00AABFCD6ACA}"
EndProject
Project("{2150E333-8FDC-42A3-9474-1A3956D46DE8}") = "05 [Third Digit is 7]", "05 [Third Digit is 7]", "{B22797C5-1728-4297-9DF4-38831F6CF360}"
EndProject
Project("{FAE04EC0-301F-11D3-BF4B-00C04F79EFBC}") = "ThirdDigitIs7", "ThirdDigitIs7\ThirdDigitIs7.csproj", "{6670E9C0-9337-4CA5-B8CE-F1A0A708AEB3}"
EndProject
Project("{2150E333-8FDC-42A3-9474-1A3956D46DE8}") = "06 [Four-Digit Number]", "06 [Four-Digit Number]", "{6AB1ACEE-7E94-4FD3-B7B8-BD76CC20EEFA}"
EndProject
Project("{FAE04EC0-301F-11D3-BF4B-00C04F79EFBC}") = "FourDigitNumber", "FourDigitNumber\FourDigitNumber.csproj", "{86AF9717-942C-4C90-8226-C25146B49731}"
EndProject
Project("{2150E333-8FDC-42A3-9474-1A3956D46DE8}") = "07 [Point in a Circle]", "07 [Point in a Circle]", "{83317874-467A-46B5-AD9C-C426A68E4FB0}"
EndProject
Project("{FAE04EC0-301F-11D3-BF4B-00C04F79EFBC}") = "PointInACircle", "PointInACircle\PointInACircle.csproj", "{72551783-938C-461C-83C0-FB8DF78B0047}"
EndProject
Project("{2150E333-8FDC-42A3-9474-1A3956D46DE8}") = "09 [Trapezoids]", "09 [Trapezoids]", "{64ED6C4A-72C7-4E4B-A000-D2AE907826D7}"
EndProject
Project("{FAE04EC0-301F-11D3-BF4B-00C04F79EFBC}") = "Trapezoids", "Trapezoids\Trapezoids.csproj", "{C0E5580A-7176-4F2E-A635-F61695E09411}"
EndProject
Project("{2150E333-8FDC-42A3-9474-1A3956D46DE8}") = "08 [Prime Number Check]", "08 [Prime Number Check]", "{13675FC9-BEC1-4B5F-A8FD-1ED81D024149}"
EndProject
Project("{FAE04EC0-301F-11D3-BF4B-00C04F79EFBC}") = "PrimeNumberCheck", "PrimeNumberCheck\PrimeNumberCheck.csproj", "{6424B00B-193D-4C9F-A906-CFF0294465CD}"
EndProject
Global
	GlobalSection(SolutionConfigurationPlatforms) = preSolution
		Debug|Any CPU = Debug|Any CPU
		Release|Any CPU = Release|Any CPU
	EndGlobalSection
	GlobalSection(ProjectConfigurationPlatforms) = postSolution
		{6FE2ACC4-40EB-449F-886C-E64FCE39D9A2}.Debug|Any CPU.ActiveCfg = Debug|Any CPU
		{6FE2ACC4-40EB-449F-886C-E64FCE39D9A2}.Debug|Any CPU.Build.0 = Debug|Any CPU
		{6FE2ACC4-40EB-449F-886C-E64FCE39D9A2}.Release|Any CPU.ActiveCfg = Release|Any CPU
		{6FE2ACC4-40EB-449F-886C-E64FCE39D9A2}.Release|Any CPU.Build.0 = Release|Any CPU
		{1B3EB6BC-935E-44CA-B000-22A45FBB52AE}.Debug|Any CPU.ActiveCfg = Debug|Any CPU
		{1B3EB6BC-935E-44CA-B000-22A45FBB52AE}.Debug|Any CPU.Build.0 = Debug|Any CPU
		{1B3EB6BC-935E-44CA-B000-22A45FBB52AE}.Release|Any CPU.ActiveCfg = Release|Any CPU
		{1B3EB6BC-935E-44CA-B000-22A45FBB52AE}.Release|Any CPU.Build.0 = Release|Any CPU
		{1D6C8917-5373-4077-8393-5DFE8BF38446}.Debug|Any CPU.ActiveCfg = Debug|Any CPU
		{1D6C8917-5373-4077-8393-5DFE8BF38446}.Debug|Any CPU.Build.0 = Debug|Any CPU
		{1D6C8917-5373-4077-8393-5DFE8BF38446}.Release|Any CPU.ActiveCfg = Release|Any CPU
		{1D6C8917-5373-4077-8393-5DFE8BF38446}.Release|Any CPU.Build.0 = Release|Any CPU
		{3D4DFC58-5D4F-4946-8350-37968C8B7D99}.Debug|Any CPU.ActiveCfg = Debug|Any CPU
		{3D4DFC58-5D4F-4946-8350-37968C8B7D99}.Debug|Any CPU.Build.0 = Debug|Any CPU
		{3D4DFC58-5D4F-4946-8350-37968C8B7D99}.Release|Any CPU.ActiveCfg = Release|Any CPU
		{3D4DFC58-5D4F-4946-8350-37968C8B7D99}.Release|Any CPU.Build.0 = Release|Any CPU
		{FCFA00E6-9314-4937-A836-DE5C5D1B88D3}.Debug|Any CPU.ActiveCfg = Debug|Any CPU
		{FCFA00E6-9314-4937-A836-DE5C5D1B88D3}.Debug|Any CPU.Build.0 = Debug|Any CPU
		{FCFA00E6-9314-4937-A836-DE5C5D1B88D3}.Release|Any CPU.ActiveCfg = Release|Any CPU
		{FCFA00E6-9314-4937-A836-DE5C5D1B88D3}.Release|Any CPU.Build.0 = Release|Any CPU
		{615185AC-91DF-44DA-AE24-76DD852792CE}.Debug|Any CPU.ActiveCfg = Debug|Any CPU
		{615185AC-91DF-44DA-AE24-76DD852792CE}.Debug|Any CPU.Build.0 = Debug|Any CPU
		{615185AC-91DF-44DA-AE24-76DD852792CE}.Release|Any CPU.ActiveCfg = Release|Any CPU
		{615185AC-91DF-44DA-AE24-76DD852792CE}.Release|Any CPU.Build.0 = Release|Any CPU
		{B34B5FC4-0FD3-4759-9D03-3F61033E9483}.Debug|Any CPU.ActiveCfg = Debug|Any CPU
		{B34B5FC4-0FD3-4759-9D03-3F61033E9483}.Debug|Any CPU.Build.0 = Debug|Any CPU
		{B34B5FC4-0FD3-4759-9D03-3F61033E9483}.Release|Any CPU.ActiveCfg = Release|Any CPU
		{B34B5FC4-0FD3-4759-9D03-3F61033E9483}.Release|Any CPU.Build.0 = Release|Any CPU
		{E379FA91-41ED-40AF-9E15-38DC0F994BE3}.Debug|Any CPU.ActiveCfg = Debug|Any CPU
		{E379FA91-41ED-40AF-9E15-38DC0F994BE3}.Debug|Any CPU.Build.0 = Debug|Any CPU
		{E379FA91-41ED-40AF-9E15-38DC0F994BE3}.Release|Any CPU.ActiveCfg = Release|Any CPU
		{E379FA91-41ED-40AF-9E15-38DC0F994BE3}.Release|Any CPU.Build.0 = Release|Any CPU
		{8A7C3B2B-EBD4-4935-B37D-FB3C43974E3B}.Debug|Any CPU.ActiveCfg = Debug|Any CPU
		{8A7C3B2B-EBD4-4935-B37D-FB3C43974E3B}.Debug|Any CPU.Build.0 = Debug|Any CPU
		{8A7C3B2B-EBD4-4935-B37D-FB3C43974E3B}.Release|Any CPU.ActiveCfg = Release|Any CPU
		{8A7C3B2B-EBD4-4935-B37D-FB3C43974E3B}.Release|Any CPU.Build.0 = Release|Any CPU
		{599EEFCB-3277-4467-9532-60D8ED27D96B}.Debug|Any CPU.ActiveCfg = Debug|Any CPU
		{599EEFCB-3277-4467-9532-60D8ED27D96B}.Debug|Any CPU.Build.0 = Debug|Any CPU
		{599EEFCB-3277-4467-9532-60D8ED27D96B}.Release|Any CPU.ActiveCfg = Release|Any CPU
		{599EEFCB-3277-4467-9532-60D8ED27D96B}.Release|Any CPU.Build.0 = Release|Any CPU
		{B9C442C5-6AD0-41DE-B011-9FBA7163851D}.Debug|Any CPU.ActiveCfg = Debug|Any CPU
		{B9C442C5-6AD0-41DE-B011-9FBA7163851D}.Debug|Any CPU.Build.0 = Debug|Any CPU
		{B9C442C5-6AD0-41DE-B011-9FBA7163851D}.Release|Any CPU.ActiveCfg = Release|Any CPU
		{B9C442C5-6AD0-41DE-B011-9FBA7163851D}.Release|Any CPU.Build.0 = Release|Any CPU
		{1B14893C-7C67-4B68-83FA-7FB9613B2A50}.Debug|Any CPU.ActiveCfg = Debug|Any CPU
		{1B14893C-7C67-4B68-83FA-7FB9613B2A50}.Debug|Any CPU.Build.0 = Debug|Any CPU
		{1B14893C-7C67-4B68-83FA-7FB9613B2A50}.Release|Any CPU.ActiveCfg = Release|Any CPU
		{1B14893C-7C67-4B68-83FA-7FB9613B2A50}.Release|Any CPU.Build.0 = Release|Any CPU
		{A35D96B4-F1E3-419A-8E7D-6B4FA84483BD}.Debug|Any CPU.ActiveCfg = Debug|Any CPU
		{A35D96B4-F1E3-419A-8E7D-6B4FA84483BD}.Debug|Any CPU.Build.0 = Debug|Any CPU
		{A35D96B4-F1E3-419A-8E7D-6B4FA84483BD}.Release|Any CPU.ActiveCfg = Release|Any CPU
		{A35D96B4-F1E3-419A-8E7D-6B4FA84483BD}.Release|Any CPU.Build.0 = Release|Any CPU
		{9C2443E0-6A90-43FE-A0DB-00AABFCD6ACA}.Debug|Any CPU.ActiveCfg = Debug|Any CPU
		{9C2443E0-6A90-43FE-A0DB-00AABFCD6ACA}.Debug|Any CPU.Build.0 = Debug|Any CPU
		{9C2443E0-6A90-43FE-A0DB-00AABFCD6ACA}.Release|Any CPU.ActiveCfg = Release|Any CPU
		{9C2443E0-6A90-43FE-A0DB-00AABFCD6ACA}.Release|Any CPU.Build.0 = Release|Any CPU
		{6670E9C0-9337-4CA5-B8CE-F1A0A708AEB3}.Debug|Any CPU.ActiveCfg = Debug|Any CPU
		{6670E9C0-9337-4CA5-B8CE-F1A0A708AEB3}.Debug|Any CPU.Build.0 = Debug|Any CPU
		{6670E9C0-9337-4CA5-B8CE-F1A0A708AEB3}.Release|Any CPU.ActiveCfg = Release|Any CPU
		{6670E9C0-9337-4CA5-B8CE-F1A0A708AEB3}.Release|Any CPU.Build.0 = Release|Any CPU
		{86AF9717-942C-4C90-8226-C25146B49731}.Debug|Any CPU.ActiveCfg = Debug|Any CPU
		{86AF9717-942C-4C90-8226-C25146B49731}.Debug|Any CPU.Build.0 = Debug|Any CPU
		{86AF9717-942C-4C90-8226-C25146B49731}.Release|Any CPU.ActiveCfg = Release|Any CPU
		{86AF9717-942C-4C90-8226-C25146B49731}.Release|Any CPU.Build.0 = Release|Any CPU
		{72551783-938C-461C-83C0-FB8DF78B0047}.Debug|Any CPU.ActiveCfg = Debug|Any CPU
		{72551783-938C-461C-83C0-FB8DF78B0047}.Debug|Any CPU.Build.0 = Debug|Any CPU
		{72551783-938C-461C-83C0-FB8DF78B0047}.Release|Any CPU.ActiveCfg = Release|Any CPU
		{72551783-938C-461C-83C0-FB8DF78B0047}.Release|Any CPU.Build.0 = Release|Any CPU
		{C0E5580A-7176-4F2E-A635-F61695E09411}.Debug|Any CPU.ActiveCfg = Debug|Any CPU
		{C0E5580A-7176-4F2E-A635-F61695E09411}.Debug|Any CPU.Build.0 = Debug|Any CPU
		{C0E5580A-7176-4F2E-A635-F61695E09411}.Release|Any CPU.ActiveCfg = Release|Any CPU
		{C0E5580A-7176-4F2E-A635-F61695E09411}.Release|Any CPU.Build.0 = Release|Any CPU
		{6424B00B-193D-4C9F-A906-CFF0294465CD}.Debug|Any CPU.ActiveCfg = Debug|Any CPU
		{6424B00B-193D-4C9F-A906-CFF0294465CD}.Debug|Any CPU.Build.0 = Debug|Any CPU
		{6424B00B-193D-4C9F-A906-CFF0294465CD}.Release|Any CPU.ActiveCfg = Release|Any CPU
		{6424B00B-193D-4C9F-A906-CFF0294465CD}.Release|Any CPU.Build.0 = Release|Any CPU
	EndGlobalSection
	GlobalSection(SolutionProperties) = preSolution
		HideSolutionNode = FALSE
	EndGlobalSection
	GlobalSection(NestedProjects) = preSolution
		{6FE2ACC4-40EB-449F-886C-E64FCE39D9A2} = {FA32FFA1-A366-4BEF-A2CE-969C36052748}
		{FA32FFA1-A366-4BEF-A2CE-969C36052748} = {5B9B6801-0B50-49B3-81DD-CE82783E1462}
		{1B3EB6BC-935E-44CA-B000-22A45FBB52AE} = {FA32FFA1-A366-4BEF-A2CE-969C36052748}
		{1D6C8917-5373-4077-8393-5DFE8BF38446} = {FA32FFA1-A366-4BEF-A2CE-969C36052748}
		{3D4DFC58-5D4F-4946-8350-37968C8B7D99} = {FA32FFA1-A366-4BEF-A2CE-969C36052748}
		{EB93F80E-559C-4BE9-8BF5-13F49E0C4D45} = {5B9B6801-0B50-49B3-81DD-CE82783E1462}
		{FCFA00E6-9314-4937-A836-DE5C5D1B88D3} = {EB93F80E-559C-4BE9-8BF5-13F49E0C4D45}
		{615185AC-91DF-44DA-AE24-76DD852792CE} = {EB93F80E-559C-4BE9-8BF5-13F49E0C4D45}
		{D7AD7273-4BBA-488D-A0CA-69AD04365973} = {5B9B6801-0B50-49B3-81DD-CE82783E1462}
		{B34B5FC4-0FD3-4759-9D03-3F61033E9483} = {D7AD7273-4BBA-488D-A0CA-69AD04365973}
		{E379FA91-41ED-40AF-9E15-38DC0F994BE3} = {D7AD7273-4BBA-488D-A0CA-69AD04365973}
		{8A7C3B2B-EBD4-4935-B37D-FB3C43974E3B} = {D7AD7273-4BBA-488D-A0CA-69AD04365973}
		{599EEFCB-3277-4467-9532-60D8ED27D96B} = {D7AD7273-4BBA-488D-A0CA-69AD04365973}
		{9AE01F4E-DF6F-41B6-A036-528DF4E8F57D} = {FC20F72D-0550-4E0B-89E5-B743A5B3A16C}
		{B9C442C5-6AD0-41DE-B011-9FBA7163851D} = {9AE01F4E-DF6F-41B6-A036-528DF4E8F57D}
		{1B14893C-7C67-4B68-83FA-7FB9613B2A50} = {73E9E9D6-3C43-4D5F-BB26-7233D6F77F3B}
		{73E9E9D6-3C43-4D5F-BB26-7233D6F77F3B} = {FC20F72D-0550-4E0B-89E5-B743A5B3A16C}
		{282AC59A-F42B-493A-B26D-0AD30FC4FA2D} = {FC20F72D-0550-4E0B-89E5-B743A5B3A16C}
		{A35D96B4-F1E3-419A-8E7D-6B4FA84483BD} = {282AC59A-F42B-493A-B26D-0AD30FC4FA2D}
		{40891385-8E81-4136-834A-4D4457CA7B88} = {FC20F72D-0550-4E0B-89E5-B743A5B3A16C}
		{9C2443E0-6A90-43FE-A0DB-00AABFCD6ACA} = {40891385-8E81-4136-834A-4D4457CA7B88}
		{B22797C5-1728-4297-9DF4-38831F6CF360} = {FC20F72D-0550-4E0B-89E5-B743A5B3A16C}
		{6670E9C0-9337-4CA5-B8CE-F1A0A708AEB3} = {B22797C5-1728-4297-9DF4-38831F6CF360}
		{6AB1ACEE-7E94-4FD3-B7B8-BD76CC20EEFA} = {FC20F72D-0550-4E0B-89E5-B743A5B3A16C}
		{86AF9717-942C-4C90-8226-C25146B49731} = {6AB1ACEE-7E94-4FD3-B7B8-BD76CC20EEFA}
		{83317874-467A-46B5-AD9C-C426A68E4FB0} = {FC20F72D-0550-4E0B-89E5-B743A5B3A16C}
		{72551783-938C-461C-83C0-FB8DF78B0047} = {83317874-467A-46B5-AD9C-C426A68E4FB0}
		{64ED6C4A-72C7-4E4B-A000-D2AE907826D7} = {FC20F72D-0550-4E0B-89E5-B743A5B3A16C}
		{C0E5580A-7176-4F2E-A635-F61695E09411} = {64ED6C4A-72C7-4E4B-A000-D2AE907826D7}
		{13675FC9-BEC1-4B5F-A8FD-1ED81D024149} = {FC20F72D-0550-4E0B-89E5-B743A5B3A16C}
		{6424B00B-193D-4C9F-A906-CFF0294465CD} = {13675FC9-BEC1-4B5F-A8FD-1ED81D024149}
	EndGlobalSection
EndGlobal
